
Microsoft Visual Studio Solution File, Format Version 12.00
# Visual Studio Version 16
VisualStudioVersion = 16.0.29102.190
MinimumVisualStudioVersion = 10.0.40219.1
Project("{FAE04EC0-301F-11D3-BF4B-00C04F79EFBC}") = "ToDo", "ToDo.csproj", "{B29B966C-D202-406A-9E5D-56303A63E6D9}"
EndProject
Global
	GlobalSection(SolutionConfigurationPlatforms) = preSolution
		Debug|Any CPU = Debug|Any CPU
		Release|Any CPU = Release|Any CPU
	EndGlobalSection
	GlobalSection(ProjectConfigurationPlatforms) = postSolution
		{B29B966C-D202-406A-9E5D-56303A63E6D9}.Debug|Any CPU.ActiveCfg = Debug|Any CPU
		{B29B966C-D202-406A-9E5D-56303A63E6D9}.Debug|Any CPU.Build.0 = Debug|Any CPU
		{B29B966C-D202-406A-9E5D-56303A63E6D9}.Release|Any CPU.ActiveCfg = Release|Any CPU
		{B29B966C-D202-406A-9E5D-56303A63E6D9}.Release|Any CPU.Build.0 = Release|Any CPU
	EndGlobalSection
	GlobalSection(SolutionProperties) = preSolution
		HideSolutionNode = FALSE
	EndGlobalSection
	GlobalSection(ExtensibilityGlobals) = postSolution
		SolutionGuid = {B287EAB3-1E78-438F-9C37-D50190B9C2E8}
	EndGlobalSection
EndGlobal
